
Microsoft Visual Studio Solution File, Format Version 12.00
# Visual Studio 15
VisualStudioVersion = 15.0.27703.1
MinimumVisualStudioVersion = 10.0.40219.1
Project("{FAE04EC0-301F-11D3-BF4B-00C04F79EFBC}") = "Mathematic.Tests", "Mathematic.Tests\Mathematic.Tests.csproj", "{3648787F-DFA8-441D-ACA2-D225980727DF}"
EndProject
Project("{FAE04EC0-301F-11D3-BF4B-00C04F79EFBC}") = "Mathematic.Lib", "Mathematic.Lib\Mathematic.Lib.csproj", "{8DB22113-BEDC-4448-A9EC-40A6475E4DE1}"
EndProject
Global
	GlobalSection(SolutionConfigurationPlatforms) = preSolution
		Debug|Any CPU = Debug|Any CPU
		Release|Any CPU = Release|Any CPU
	EndGlobalSection
	GlobalSection(ProjectConfigurationPlatforms) = postSolution
		{8DB22113-BEDC-4448-A9EC-40A6475E4DE1}.Debug|Any CPU.ActiveCfg = Debug|Any CPU
		{8DB22113-BEDC-4448-A9EC-40A6475E4DE1}.Debug|Any CPU.Build.0 = Debug|Any CPU
		{8DB22113-BEDC-4448-A9EC-40A6475E4DE1}.Release|Any CPU.ActiveCfg = Release|Any CPU
		{8DB22113-BEDC-4448-A9EC-40A6475E4DE1}.Release|Any CPU.Build.0 = Release|Any CPU
		{3648787F-DFA8-441D-ACA2-D225980727DF}.Debug|Any CPU.ActiveCfg = Debug|Any CPU
		{3648787F-DFA8-441D-ACA2-D225980727DF}.Debug|Any CPU.Build.0 = Debug|Any CPU
		{3648787F-DFA8-441D-ACA2-D225980727DF}.Release|Any CPU.ActiveCfg = Release|Any CPU
		{3648787F-DFA8-441D-ACA2-D225980727DF}.Release|Any CPU.Build.0 = Release|Any CPU
	EndGlobalSection
	GlobalSection(SolutionProperties) = preSolution
		HideSolutionNode = FALSE
	EndGlobalSection
	GlobalSection(ExtensibilityGlobals) = postSolution
		SolutionGuid = {A65ECFA1-63AC-4C9F-BBFF-7DC3B9B00A8B}
	EndGlobalSection
EndGlobal
